// !$*UTF8*$!
{
	archiveVersion = 1;
	classes = {
	};
	objectVersion = 46;
	objects = {

/* Begin PBXBuildFile section */
		263D49541A2D312A008D3AC9 /* ResultExtension.swift in Sources */ = {isa = PBXBuildFile; fileRef = 263D49531A2D312A008D3AC9 /* ResultExtension.swift */; };
		2642C6591A253FEA00ED1BDD /* players.json in Resources */ = {isa = PBXBuildFile; fileRef = 2642C6581A253FEA00ED1BDD /* players.json */; };
		2642C65B1A2544E900ED1BDD /* AligulacAPI.swift in Sources */ = {isa = PBXBuildFile; fileRef = 2642C65A1A2544E900ED1BDD /* AligulacAPI.swift */; };
		267A743C1A23FEF100B0688E /* AppDelegate.swift in Sources */ = {isa = PBXBuildFile; fileRef = 267A743B1A23FEF100B0688E /* AppDelegate.swift */; };
		267A743E1A23FEF100B0688E /* ViewController.swift in Sources */ = {isa = PBXBuildFile; fileRef = 267A743D1A23FEF100B0688E /* ViewController.swift */; };
		267A74411A23FEF100B0688E /* Main.storyboard in Resources */ = {isa = PBXBuildFile; fileRef = 267A743F1A23FEF100B0688E /* Main.storyboard */; };
		267A74431A23FEF100B0688E /* Images.xcassets in Resources */ = {isa = PBXBuildFile; fileRef = 267A74421A23FEF100B0688E /* Images.xcassets */; };
		267A74461A23FEF100B0688E /* LaunchScreen.xib in Resources */ = {isa = PBXBuildFile; fileRef = 267A74441A23FEF100B0688E /* LaunchScreen.xib */; };
		26C712A61A52FD7D00886E89 /* Argo.framework in Frameworks */ = {isa = PBXBuildFile; fileRef = 26C7129F1A52FD7D00886E89 /* Argo.framework */; };
		26C712A71A52FD7D00886E89 /* CMDQueryStringKit.framework in Frameworks */ = {isa = PBXBuildFile; fileRef = 26C712A01A52FD7D00886E89 /* CMDQueryStringKit.framework */; };
		26C712A81A52FD7D00886E89 /* ISO8601.framework in Frameworks */ = {isa = PBXBuildFile; fileRef = 26C712A11A52FD7D00886E89 /* ISO8601.framework */; };
		26C712A91A52FD7D00886E89 /* LlamaKit.framework in Frameworks */ = {isa = PBXBuildFile; fileRef = 26C712A21A52FD7D00886E89 /* LlamaKit.framework */; };
		26C712AC1A52FD7D00886E89 /* ReactiveCocoa.framework in Frameworks */ = {isa = PBXBuildFile; fileRef = 26C712A51A52FD7D00886E89 /* ReactiveCocoa.framework */; };
		26C712AD1A52FDA100886E89 /* Nimble.framework in Frameworks */ = {isa = PBXBuildFile; fileRef = 26C712A31A52FD7D00886E89 /* Nimble.framework */; };
		26C712AE1A52FDA100886E89 /* Quick.framework in Frameworks */ = {isa = PBXBuildFile; fileRef = 26C712A41A52FD7D00886E89 /* Quick.framework */; };
		26D94B661A24AE7B00F2678C /* Player.swift in Sources */ = {isa = PBXBuildFile; fileRef = 26D94B641A24AE7B00F2678C /* Player.swift */; };
		26D94B671A24AE7B00F2678C /* TopPlayersViewController.swift in Sources */ = {isa = PBXBuildFile; fileRef = 26D94B651A24AE7B00F2678C /* TopPlayersViewController.swift */; };
		26F23B9E1A43980200382D51 /* PlayerListViewModel.swift in Sources */ = {isa = PBXBuildFile; fileRef = 26F23B9D1A43980200382D51 /* PlayerListViewModel.swift */; };
		26F23BA01A43980A00382D51 /* PlayerViewModel.swift in Sources */ = {isa = PBXBuildFile; fileRef = 26F23B9F1A43980A00382D51 /* PlayerViewModel.swift */; };
		26F23BA51A44971200382D51 /* PlayerListCell.swift in Sources */ = {isa = PBXBuildFile; fileRef = 26F23BA41A44971200382D51 /* PlayerListCell.swift */; };
		26F23BD31A44CC6900382D51 /* PlayerSpec.swift in Sources */ = {isa = PBXBuildFile; fileRef = 26F23BA81A44C78F00382D51 /* PlayerSpec.swift */; };
/* End PBXBuildFile section */

/* Begin PBXContainerItemProxy section */
		267A744C1A23FEF100B0688E /* PBXContainerItemProxy */ = {
			isa = PBXContainerItemProxy;
			containerPortal = 267A742E1A23FEF100B0688E /* Project object */;
			proxyType = 1;
			remoteGlobalIDString = 267A74351A23FEF100B0688E;
			remoteInfo = Stasis;
		};
/* End PBXContainerItemProxy section */

/* Begin PBXCopyFilesBuildPhase section */
		26282A231A44D15B009C70AA /* Copy Frameworks */ = {
			isa = PBXCopyFilesBuildPhase;
			buildActionMask = 2147483647;
			dstPath = "";
			dstSubfolderSpec = 10;
			files = (
			);
			name = "Copy Frameworks";
			runOnlyForDeploymentPostprocessing = 0;
		};
		26D94B6C1A24AEAE00F2678C /* Embed Frameworks */ = {
			isa = PBXCopyFilesBuildPhase;
			buildActionMask = 2147483647;
			dstPath = "";
			dstSubfolderSpec = 10;
			files = (
			);
			name = "Embed Frameworks";
			runOnlyForDeploymentPostprocessing = 0;
		};
/* End PBXCopyFilesBuildPhase section */

/* Begin PBXFileReference section */
		263D49531A2D312A008D3AC9 /* ResultExtension.swift */ = {isa = PBXFileReference; fileEncoding = 4; lastKnownFileType = sourcecode.swift; path = ResultExtension.swift; sourceTree = "<group>"; };
		2642C6581A253FEA00ED1BDD /* players.json */ = {isa = PBXFileReference; fileEncoding = 4; lastKnownFileType = text.json; path = players.json; sourceTree = "<group>"; };
		2642C65A1A2544E900ED1BDD /* AligulacAPI.swift */ = {isa = PBXFileReference; fileEncoding = 4; lastKnownFileType = sourcecode.swift; path = AligulacAPI.swift; sourceTree = "<group>"; };
		267A74361A23FEF100B0688E /* Stasis.app */ = {isa = PBXFileReference; explicitFileType = wrapper.application; includeInIndex = 0; path = Stasis.app; sourceTree = BUILT_PRODUCTS_DIR; };
		267A743A1A23FEF100B0688E /* Info.plist */ = {isa = PBXFileReference; lastKnownFileType = text.plist.xml; path = Info.plist; sourceTree = "<group>"; };
		267A743B1A23FEF100B0688E /* AppDelegate.swift */ = {isa = PBXFileReference; lastKnownFileType = sourcecode.swift; path = AppDelegate.swift; sourceTree = "<group>"; };
		267A743D1A23FEF100B0688E /* ViewController.swift */ = {isa = PBXFileReference; lastKnownFileType = sourcecode.swift; path = ViewController.swift; sourceTree = "<group>"; };
		267A74401A23FEF100B0688E /* Base */ = {isa = PBXFileReference; lastKnownFileType = file.storyboard; name = Base; path = Base.lproj/Main.storyboard; sourceTree = "<group>"; };
		267A74421A23FEF100B0688E /* Images.xcassets */ = {isa = PBXFileReference; lastKnownFileType = folder.assetcatalog; path = Images.xcassets; sourceTree = "<group>"; };
		267A74451A23FEF100B0688E /* Base */ = {isa = PBXFileReference; lastKnownFileType = file.xib; name = Base; path = Base.lproj/LaunchScreen.xib; sourceTree = "<group>"; };
		267A744B1A23FEF100B0688E /* StasisTests.xctest */ = {isa = PBXFileReference; explicitFileType = wrapper.cfbundle; includeInIndex = 0; path = StasisTests.xctest; sourceTree = BUILT_PRODUCTS_DIR; };
		267A74501A23FEF100B0688E /* Info.plist */ = {isa = PBXFileReference; lastKnownFileType = text.plist.xml; path = Info.plist; sourceTree = "<group>"; };
		26C7129F1A52FD7D00886E89 /* Argo.framework */ = {isa = PBXFileReference; lastKnownFileType = wrapper.framework; name = Argo.framework; path = ../Carthage/Build/iOS/Argo.framework; sourceTree = "<group>"; };
		26C712A01A52FD7D00886E89 /* CMDQueryStringKit.framework */ = {isa = PBXFileReference; lastKnownFileType = wrapper.framework; name = CMDQueryStringKit.framework; path = ../Carthage/Build/iOS/CMDQueryStringKit.framework; sourceTree = "<group>"; };
		26C712A11A52FD7D00886E89 /* ISO8601.framework */ = {isa = PBXFileReference; lastKnownFileType = wrapper.framework; name = ISO8601.framework; path = ../Carthage/Build/iOS/ISO8601.framework; sourceTree = "<group>"; };
		26C712A21A52FD7D00886E89 /* LlamaKit.framework */ = {isa = PBXFileReference; lastKnownFileType = wrapper.framework; name = LlamaKit.framework; path = ../Carthage/Build/iOS/LlamaKit.framework; sourceTree = "<group>"; };
		26C712A31A52FD7D00886E89 /* Nimble.framework */ = {isa = PBXFileReference; lastKnownFileType = wrapper.framework; name = Nimble.framework; path = ../Carthage/Build/iOS/Nimble.framework; sourceTree = "<group>"; };
		26C712A41A52FD7D00886E89 /* Quick.framework */ = {isa = PBXFileReference; lastKnownFileType = wrapper.framework; name = Quick.framework; path = ../Carthage/Build/iOS/Quick.framework; sourceTree = "<group>"; };
		26C712A51A52FD7D00886E89 /* ReactiveCocoa.framework */ = {isa = PBXFileReference; lastKnownFileType = wrapper.framework; name = ReactiveCocoa.framework; path = ../Carthage/Build/iOS/ReactiveCocoa.framework; sourceTree = "<group>"; };
		26D94B641A24AE7B00F2678C /* Player.swift */ = {isa = PBXFileReference; fileEncoding = 4; lastKnownFileType = sourcecode.swift; path = Player.swift; sourceTree = "<group>"; };
		26D94B651A24AE7B00F2678C /* TopPlayersViewController.swift */ = {isa = PBXFileReference; fileEncoding = 4; lastKnownFileType = sourcecode.swift; path = TopPlayersViewController.swift; sourceTree = "<group>"; };
		26F23B9D1A43980200382D51 /* PlayerListViewModel.swift */ = {isa = PBXFileReference; fileEncoding = 4; lastKnownFileType = sourcecode.swift; path = PlayerListViewModel.swift; sourceTree = "<group>"; };
		26F23B9F1A43980A00382D51 /* PlayerViewModel.swift */ = {isa = PBXFileReference; fileEncoding = 4; lastKnownFileType = sourcecode.swift; path = PlayerViewModel.swift; sourceTree = "<group>"; };
		26F23BA41A44971200382D51 /* PlayerListCell.swift */ = {isa = PBXFileReference; fileEncoding = 4; lastKnownFileType = sourcecode.swift; path = PlayerListCell.swift; sourceTree = "<group>"; };
		26F23BA81A44C78F00382D51 /* PlayerSpec.swift */ = {isa = PBXFileReference; fileEncoding = 4; lastKnownFileType = sourcecode.swift; path = PlayerSpec.swift; sourceTree = "<group>"; };
/* End PBXFileReference section */

/* Begin PBXFrameworksBuildPhase section */
		267A74331A23FEF100B0688E /* Frameworks */ = {
			isa = PBXFrameworksBuildPhase;
			buildActionMask = 2147483647;
			files = (
				26C712A61A52FD7D00886E89 /* Argo.framework in Frameworks */,
				26C712A71A52FD7D00886E89 /* CMDQueryStringKit.framework in Frameworks */,
				26C712A81A52FD7D00886E89 /* ISO8601.framework in Frameworks */,
				26C712A91A52FD7D00886E89 /* LlamaKit.framework in Frameworks */,
				26C712AC1A52FD7D00886E89 /* ReactiveCocoa.framework in Frameworks */,
			);
			runOnlyForDeploymentPostprocessing = 0;
		};
		267A74481A23FEF100B0688E /* Frameworks */ = {
			isa = PBXFrameworksBuildPhase;
			buildActionMask = 2147483647;
			files = (
				26C712AD1A52FDA100886E89 /* Nimble.framework in Frameworks */,
				26C712AE1A52FDA100886E89 /* Quick.framework in Frameworks */,
			);
			runOnlyForDeploymentPostprocessing = 0;
		};
/* End PBXFrameworksBuildPhase section */

/* Begin PBXGroup section */
		2642C65C1A2544F500ED1BDD /* Models */ = {
			isa = PBXGroup;
			children = (
				26D94B641A24AE7B00F2678C /* Player.swift */,
				2642C65A1A2544E900ED1BDD /* AligulacAPI.swift */,
			);
			name = Models;
			sourceTree = "<group>";
		};
		267A742D1A23FEF100B0688E = {
			isa = PBXGroup;
			children = (
				267A74381A23FEF100B0688E /* Stasis */,
				267A744E1A23FEF100B0688E /* StasisTests */,
				267A74371A23FEF100B0688E /* Products */,
			);
			sourceTree = "<group>";
		};
		267A74371A23FEF100B0688E /* Products */ = {
			isa = PBXGroup;
			children = (
				267A74361A23FEF100B0688E /* Stasis.app */,
				267A744B1A23FEF100B0688E /* StasisTests.xctest */,
			);
			name = Products;
			sourceTree = "<group>";
		};
		267A74381A23FEF100B0688E /* Stasis */ = {
			isa = PBXGroup;
			children = (
				2642C65C1A2544F500ED1BDD /* Models */,
				26F23BA11A43981700382D51 /* View Models */,
				26F23BA31A4496F800382D51 /* Views */,
				267A743B1A23FEF100B0688E /* AppDelegate.swift */,
				267A743D1A23FEF100B0688E /* ViewController.swift */,
				263D49531A2D312A008D3AC9 /* ResultExtension.swift */,
				267A743F1A23FEF100B0688E /* Main.storyboard */,
				267A74441A23FEF100B0688E /* LaunchScreen.xib */,
				267A74421A23FEF100B0688E /* Images.xcassets */,
				267A74391A23FEF100B0688E /* Supporting Files */,
			);
			path = Stasis;
			sourceTree = "<group>";
		};
		267A74391A23FEF100B0688E /* Supporting Files */ = {
			isa = PBXGroup;
			children = (
				26C7129F1A52FD7D00886E89 /* Argo.framework */,
				26C712A01A52FD7D00886E89 /* CMDQueryStringKit.framework */,
				26C712A11A52FD7D00886E89 /* ISO8601.framework */,
				26C712A21A52FD7D00886E89 /* LlamaKit.framework */,
				26C712A31A52FD7D00886E89 /* Nimble.framework */,
				26C712A41A52FD7D00886E89 /* Quick.framework */,
				26C712A51A52FD7D00886E89 /* ReactiveCocoa.framework */,
				2642C6581A253FEA00ED1BDD /* players.json */,
				267A743A1A23FEF100B0688E /* Info.plist */,
			);
			name = "Supporting Files";
			sourceTree = "<group>";
		};
		267A744E1A23FEF100B0688E /* StasisTests */ = {
			isa = PBXGroup;
			children = (
				26F23BA81A44C78F00382D51 /* PlayerSpec.swift */,
				267A744F1A23FEF100B0688E /* Supporting Files */,
			);
			path = StasisTests;
			sourceTree = "<group>";
		};
		267A744F1A23FEF100B0688E /* Supporting Files */ = {
			isa = PBXGroup;
			children = (
				267A74501A23FEF100B0688E /* Info.plist */,
			);
			name = "Supporting Files";
			sourceTree = "<group>";
		};
		26F23BA11A43981700382D51 /* View Models */ = {
			isa = PBXGroup;
			children = (
				26F23B9F1A43980A00382D51 /* PlayerViewModel.swift */,
				26F23B9D1A43980200382D51 /* PlayerListViewModel.swift */,
			);
			name = "View Models";
			sourceTree = "<group>";
		};
		26F23BA31A4496F800382D51 /* Views */ = {
			isa = PBXGroup;
			children = (
				26F23BA41A44971200382D51 /* PlayerListCell.swift */,
				26D94B651A24AE7B00F2678C /* TopPlayersViewController.swift */,
			);
			name = Views;
			sourceTree = "<group>";
		};
/* End PBXGroup section */

/* Begin PBXNativeTarget section */
		267A74351A23FEF100B0688E /* Stasis */ = {
			isa = PBXNativeTarget;
			buildConfigurationList = 267A74551A23FEF100B0688E /* Build configuration list for PBXNativeTarget "Stasis" */;
			buildPhases = (
				267A74321A23FEF100B0688E /* Sources */,
				267A74331A23FEF100B0688E /* Frameworks */,
				267A74341A23FEF100B0688E /* Resources */,
				26D94B6C1A24AEAE00F2678C /* Embed Frameworks */,
				269FA03D1A53514800F943D2 /* ShellScript */,
			);
			buildRules = (
			);
			dependencies = (
			);
			name = Stasis;
			productName = Stasis;
			productReference = 267A74361A23FEF100B0688E /* Stasis.app */;
			productType = "com.apple.product-type.application";
		};
		267A744A1A23FEF100B0688E /* StasisTests */ = {
			isa = PBXNativeTarget;
			buildConfigurationList = 267A74581A23FEF100B0688E /* Build configuration list for PBXNativeTarget "StasisTests" */;
			buildPhases = (
				267A74471A23FEF100B0688E /* Sources */,
				267A74481A23FEF100B0688E /* Frameworks */,
				267A74491A23FEF100B0688E /* Resources */,
				26282A231A44D15B009C70AA /* Copy Frameworks */,
				26C7129E1A52FD5F00886E89 /* ShellScript */,
			);
			buildRules = (
			);
			dependencies = (
				267A744D1A23FEF100B0688E /* PBXTargetDependency */,
			);
			name = StasisTests;
			productName = StasisTests;
			productReference = 267A744B1A23FEF100B0688E /* StasisTests.xctest */;
			productType = "com.apple.product-type.bundle.unit-test";
		};
/* End PBXNativeTarget section */

/* Begin PBXProject section */
		267A742E1A23FEF100B0688E /* Project object */ = {
			isa = PBXProject;
			attributes = {
				LastUpgradeCheck = 0620;
				ORGANIZATIONNAME = eliperkins;
				TargetAttributes = {
					267A74351A23FEF100B0688E = {
						CreatedOnToolsVersion = 6.2;
						DevelopmentTeam = PKG94S2PA9;
					};
					267A744A1A23FEF100B0688E = {
						CreatedOnToolsVersion = 6.2;
						TestTargetID = 267A74351A23FEF100B0688E;
					};
				};
			};
			buildConfigurationList = 267A74311A23FEF100B0688E /* Build configuration list for PBXProject "Stasis" */;
			compatibilityVersion = "Xcode 3.2";
			developmentRegion = English;
			hasScannedForEncodings = 0;
			knownRegions = (
				en,
				Base,
			);
			mainGroup = 267A742D1A23FEF100B0688E;
			productRefGroup = 267A74371A23FEF100B0688E /* Products */;
			projectDirPath = "";
			projectRoot = "";
			targets = (
				267A74351A23FEF100B0688E /* Stasis */,
				267A744A1A23FEF100B0688E /* StasisTests */,
			);
		};
/* End PBXProject section */

/* Begin PBXResourcesBuildPhase section */
		267A74341A23FEF100B0688E /* Resources */ = {
			isa = PBXResourcesBuildPhase;
			buildActionMask = 2147483647;
			files = (
				2642C6591A253FEA00ED1BDD /* players.json in Resources */,
				267A74411A23FEF100B0688E /* Main.storyboard in Resources */,
				267A74461A23FEF100B0688E /* LaunchScreen.xib in Resources */,
				267A74431A23FEF100B0688E /* Images.xcassets in Resources */,
			);
			runOnlyForDeploymentPostprocessing = 0;
		};
		267A74491A23FEF100B0688E /* Resources */ = {
			isa = PBXResourcesBuildPhase;
			buildActionMask = 2147483647;
			files = (
			);
			runOnlyForDeploymentPostprocessing = 0;
		};
/* End PBXResourcesBuildPhase section */

/* Begin PBXShellScriptBuildPhase section */
		269FA03D1A53514800F943D2 /* ShellScript */ = {
			isa = PBXShellScriptBuildPhase;
			buildActionMask = 2147483647;
			files = (
			);
			inputPaths = (
				"$(SRCROOT)/Carthage/Build/iOS/Argo.framework",
				"$(SRCROOT)/Carthage/Build/iOS/ReactiveCocoa.framework",
				"$(SRCROOT)/Carthage/Build/iOS/CMDQueryStringKit.framework",
				"$(SRCROOT)/Carthage/Build/iOS/ISO8601.framework",
				"$(SRCROOT)/Carthage/Build/iOS/LlamaKit.framework",
			);
			outputPaths = (
			);
			runOnlyForDeploymentPostprocessing = 0;
			shellPath = /bin/sh;
			shellScript = "/usr/local/bin/carthage copy-frameworks";
		};
		26C7129E1A52FD5F00886E89 /* ShellScript */ = {
			isa = PBXShellScriptBuildPhase;
			buildActionMask = 2147483647;
			files = (
			);
			inputPaths = (
			);
			outputPaths = (
			);
			runOnlyForDeploymentPostprocessing = 0;
			shellPath = /bin/sh;
			shellScript = "/usr/local/bin/carthage copy-frameworks";
		};
/* End PBXShellScriptBuildPhase section */

/* Begin PBXSourcesBuildPhase section */
		267A74321A23FEF100B0688E /* Sources */ = {
			isa = PBXSourcesBuildPhase;
			buildActionMask = 2147483647;
			files = (
				263D49541A2D312A008D3AC9 /* ResultExtension.swift in Sources */,
				26F23BA01A43980A00382D51 /* PlayerViewModel.swift in Sources */,
				267A743E1A23FEF100B0688E /* ViewController.swift in Sources */,
				26D94B661A24AE7B00F2678C /* Player.swift in Sources */,
				2642C65B1A2544E900ED1BDD /* AligulacAPI.swift in Sources */,
				26F23B9E1A43980200382D51 /* PlayerListViewModel.swift in Sources */,
				26F23BA51A44971200382D51 /* PlayerListCell.swift in Sources */,
				267A743C1A23FEF100B0688E /* AppDelegate.swift in Sources */,
				26D94B671A24AE7B00F2678C /* TopPlayersViewController.swift in Sources */,
			);
			runOnlyForDeploymentPostprocessing = 0;
		};
		267A74471A23FEF100B0688E /* Sources */ = {
			isa = PBXSourcesBuildPhase;
			buildActionMask = 2147483647;
			files = (
				26F23BD31A44CC6900382D51 /* PlayerSpec.swift in Sources */,
			);
			runOnlyForDeploymentPostprocessing = 0;
		};
/* End PBXSourcesBuildPhase section */

/* Begin PBXTargetDependency section */
		267A744D1A23FEF100B0688E /* PBXTargetDependency */ = {
			isa = PBXTargetDependency;
			target = 267A74351A23FEF100B0688E /* Stasis */;
			targetProxy = 267A744C1A23FEF100B0688E /* PBXContainerItemProxy */;
		};
/* End PBXTargetDependency section */

/* Begin PBXVariantGroup section */
		267A743F1A23FEF100B0688E /* Main.storyboard */ = {
			isa = PBXVariantGroup;
			children = (
				267A74401A23FEF100B0688E /* Base */,
			);
			name = Main.storyboard;
			sourceTree = "<group>";
		};
		267A74441A23FEF100B0688E /* LaunchScreen.xib */ = {
			isa = PBXVariantGroup;
			children = (
				267A74451A23FEF100B0688E /* Base */,
			);
			name = LaunchScreen.xib;
			sourceTree = "<group>";
		};
/* End PBXVariantGroup section */

/* Begin XCBuildConfiguration section */
		267A74531A23FEF100B0688E /* Debug */ = {
			isa = XCBuildConfiguration;
			buildSettings = {
				ALWAYS_SEARCH_USER_PATHS = NO;
				CLANG_CXX_LANGUAGE_STANDARD = "gnu++0x";
				CLANG_CXX_LIBRARY = "libc++";
				CLANG_ENABLE_MODULES = YES;
				CLANG_ENABLE_OBJC_ARC = YES;
				CLANG_WARN_BOOL_CONVERSION = YES;
				CLANG_WARN_CONSTANT_CONVERSION = YES;
				CLANG_WARN_DIRECT_OBJC_ISA_USAGE = YES_ERROR;
				CLANG_WARN_EMPTY_BODY = YES;
				CLANG_WARN_ENUM_CONVERSION = YES;
				CLANG_WARN_INT_CONVERSION = YES;
				CLANG_WARN_OBJC_ROOT_CLASS = YES_ERROR;
				CLANG_WARN_UNREACHABLE_CODE = YES;
				CLANG_WARN__DUPLICATE_METHOD_MATCH = YES;
				"CODE_SIGN_IDENTITY[sdk=iphoneos*]" = "iPhone Developer";
				COPY_PHASE_STRIP = NO;
				ENABLE_STRICT_OBJC_MSGSEND = YES;
				GCC_C_LANGUAGE_STANDARD = gnu99;
				GCC_DYNAMIC_NO_PIC = NO;
				GCC_OPTIMIZATION_LEVEL = 0;
				GCC_PREPROCESSOR_DEFINITIONS = (
					"DEBUG=1",
					"$(inherited)",
				);
				GCC_SYMBOLS_PRIVATE_EXTERN = NO;
				GCC_WARN_64_TO_32_BIT_CONVERSION = YES;
				GCC_WARN_ABOUT_RETURN_TYPE = YES_ERROR;
				GCC_WARN_UNDECLARED_SELECTOR = YES;
				GCC_WARN_UNINITIALIZED_AUTOS = YES_AGGRESSIVE;
				GCC_WARN_UNUSED_FUNCTION = YES;
				GCC_WARN_UNUSED_VARIABLE = YES;
				IPHONEOS_DEPLOYMENT_TARGET = 8.2;
				MTL_ENABLE_DEBUG_INFO = YES;
				ONLY_ACTIVE_ARCH = YES;
				SDKROOT = iphoneos;
				SWIFT_OPTIMIZATION_LEVEL = "-Onone";
				TARGETED_DEVICE_FAMILY = "1,2";
			};
			name = Debug;
		};
		267A74541A23FEF100B0688E /* Release */ = {
			isa = XCBuildConfiguration;
			buildSettings = {
				ALWAYS_SEARCH_USER_PATHS = NO;
				CLANG_CXX_LANGUAGE_STANDARD = "gnu++0x";
				CLANG_CXX_LIBRARY = "libc++";
				CLANG_ENABLE_MODULES = YES;
				CLANG_ENABLE_OBJC_ARC = YES;
				CLANG_WARN_BOOL_CONVERSION = YES;
				CLANG_WARN_CONSTANT_CONVERSION = YES;
				CLANG_WARN_DIRECT_OBJC_ISA_USAGE = YES_ERROR;
				CLANG_WARN_EMPTY_BODY = YES;
				CLANG_WARN_ENUM_CONVERSION = YES;
				CLANG_WARN_INT_CONVERSION = YES;
				CLANG_WARN_OBJC_ROOT_CLASS = YES_ERROR;
				CLANG_WARN_UNREACHABLE_CODE = YES;
				CLANG_WARN__DUPLICATE_METHOD_MATCH = YES;
				"CODE_SIGN_IDENTITY[sdk=iphoneos*]" = "iPhone Developer";
				COPY_PHASE_STRIP = YES;
				ENABLE_NS_ASSERTIONS = NO;
				ENABLE_STRICT_OBJC_MSGSEND = YES;
				GCC_C_LANGUAGE_STANDARD = gnu99;
				GCC_WARN_64_TO_32_BIT_CONVERSION = YES;
				GCC_WARN_ABOUT_RETURN_TYPE = YES_ERROR;
				GCC_WARN_UNDECLARED_SELECTOR = YES;
				GCC_WARN_UNINITIALIZED_AUTOS = YES_AGGRESSIVE;
				GCC_WARN_UNUSED_FUNCTION = YES;
				GCC_WARN_UNUSED_VARIABLE = YES;
				IPHONEOS_DEPLOYMENT_TARGET = 8.2;
				MTL_ENABLE_DEBUG_INFO = NO;
				SDKROOT = iphoneos;
				TARGETED_DEVICE_FAMILY = "1,2";
				VALIDATE_PRODUCT = YES;
			};
			name = Release;
		};
		267A74561A23FEF100B0688E /* Debug */ = {
			isa = XCBuildConfiguration;
			buildSettings = {
				ARCHS = "$(ARCHS_STANDARD)";
				ASSETCATALOG_COMPILER_APPICON_NAME = AppIcon;
				CODE_SIGN_IDENTITY = "iPhone Developer";
				"CODE_SIGN_IDENTITY[sdk=iphoneos*]" = "iPhone Developer";
				DEFINES_MODULE = YES;
				FRAMEWORK_SEARCH_PATHS = (
					"$(inherited)",
					"$(PROJECT_DIR)/Carthage/Build/iOS",
				);
				INFOPLIST_FILE = Stasis/Info.plist;
				IPHONEOS_DEPLOYMENT_TARGET = 8.0;
				LD_RUNPATH_SEARCH_PATHS = "$(inherited) @executable_path/Frameworks";
				PRODUCT_NAME = Stasis;
				PROVISIONING_PROFILE = "4c0f5ebd-da49-4623-9d61-c406f2a3a1ff";
			};
			name = Debug;
		};
		267A74571A23FEF100B0688E /* Release */ = {
			isa = XCBuildConfiguration;
			buildSettings = {
				ARCHS = "$(ARCHS_STANDARD)";
				ASSETCATALOG_COMPILER_APPICON_NAME = AppIcon;
				CODE_SIGN_IDENTITY = "iPhone Developer";
				"CODE_SIGN_IDENTITY[sdk=iphoneos*]" = "iPhone Developer";
				DEFINES_MODULE = YES;
				FRAMEWORK_SEARCH_PATHS = (
					"$(inherited)",
					"$(PROJECT_DIR)/Carthage/Build/iOS",
				);
				INFOPLIST_FILE = Stasis/Info.plist;
				IPHONEOS_DEPLOYMENT_TARGET = 8.0;
				LD_RUNPATH_SEARCH_PATHS = "$(inherited) @executable_path/Frameworks";
				PRODUCT_NAME = Stasis;
				PROVISIONING_PROFILE = "4c0f5ebd-da49-4623-9d61-c406f2a3a1ff";
			};
			name = Release;
		};
		267A74591A23FEF100B0688E /* Debug */ = {
			isa = XCBuildConfiguration;
			buildSettings = {
				BUNDLE_LOADER = "$(TEST_HOST)";
				FRAMEWORK_SEARCH_PATHS = (
					"$(SDKROOT)/Developer/Library/Frameworks",
					"$(inherited)",
					"$(PROJECT_DIR)/Carthage/Build/iOS",
				);
				GCC_PREPROCESSOR_DEFINITIONS = (
					"DEBUG=1",
					"$(inherited)",
				);
				INFOPLIST_FILE = StasisTests/Info.plist;
				IPHONEOS_DEPLOYMENT_TARGET = 8.0;
				LD_RUNPATH_SEARCH_PATHS = "$(inherited) @executable_path/Frameworks @loader_path/Frameworks";
				PRODUCT_NAME = StasisTests;
				TEST_HOST = "$(BUILT_PRODUCTS_DIR)/Stasis.app/Stasis";
			};
			name = Debug;
		};
		267A745A1A23FEF100B0688E /* Release */ = {
			isa = XCBuildConfiguration;
			buildSettings = {
				BUNDLE_LOADER = "$(TEST_HOST)";
				FRAMEWORK_SEARCH_PATHS = (
					"$(SDKROOT)/Developer/Library/Frameworks",
					"$(inherited)",
					"$(PROJECT_DIR)/Carthage/Build/iOS",
				);
				INFOPLIST_FILE = StasisTests/Info.plist;
				IPHONEOS_DEPLOYMENT_TARGET = 8.0;
				LD_RUNPATH_SEARCH_PATHS = "$(inherited) @executable_path/Frameworks @loader_path/Frameworks";
				PRODUCT_NAME = StasisTests;
				TEST_HOST = "$(BUILT_PRODUCTS_DIR)/Stasis.app/Stasis";
			};
			name = Release;
		};
/* End XCBuildConfiguration section */

/* Begin XCConfigurationList section */
		267A74311A23FEF100B0688E /* Build configuration list for PBXProject "Stasis" */ = {
			isa = XCConfigurationList;
			buildConfigurations = (
				267A74531A23FEF100B0688E /* Debug */,
				267A74541A23FEF100B0688E /* Release */,
			);
			defaultConfigurationIsVisible = 0;
			defaultConfigurationName = Release;
		};
		267A74551A23FEF100B0688E /* Build configuration list for PBXNativeTarget "Stasis" */ = {
			isa = XCConfigurationList;
			buildConfigurations = (
				267A74561A23FEF100B0688E /* Debug */,
				267A74571A23FEF100B0688E /* Release */,
			);
			defaultConfigurationIsVisible = 0;
			defaultConfigurationName = Release;
		};
		267A74581A23FEF100B0688E /* Build configuration list for PBXNativeTarget "StasisTests" */ = {
			isa = XCConfigurationList;
			buildConfigurations = (
				267A74591A23FEF100B0688E /* Debug */,
				267A745A1A23FEF100B0688E /* Release */,
			);
			defaultConfigurationIsVisible = 0;
			defaultConfigurationName = Release;
		};
/* End XCConfigurationList section */
	};
	rootObject = 267A742E1A23FEF100B0688E /* Project object */;
}
